{
  "version": 4,
  "terraform_version": "1.5.6",
  "serial": 77,
  "lineage": "2e79a8a2-43ec-66b3-d1d6-1f5b1db8444a",
  "outputs": {},
  "resources": [
    {
      "mode": "managed",
      "type": "aws_ecr_repository",
      "name": "chichat_repo",
      "provider": "provider[\"registry.terraform.io/hashicorp/aws\"]",
      "instances": [
        {
          "schema_version": 0,
          "attributes": {
            "arn": "arn:aws:ecr:eu-west-2:767977886640:repository/chichat",
            "encryption_configuration": [
              {
                "encryption_type": "AES256",
                "kms_key": ""
              }
            ],
            "force_delete": null,
            "id": "chichat",
            "image_scanning_configuration": [
              {
                "scan_on_push": true
              }
            ],
            "image_tag_mutability": "MUTABLE",
            "name": "chichat",
            "registry_id": "767977886640",
            "repository_url": "767977886640.dkr.ecr.eu-west-2.amazonaws.com/chichat",
            "tags": {
              "Project": "chichat"
            },
            "tags_all": {
              "Project": "chichat"
            },
            "timeouts": null
          },
          "sensitive_attributes": [],
          "private": "eyJlMmJmYjczMC1lY2FhLTExZTYtOGY4OC0zNDM2M2JjN2M0YzAiOnsiZGVsZXRlIjoxMjAwMDAwMDAwMDAwfX0="
        }
      ]
    }
  ],
  "check_results": null
}
